// !$*UTF8*$!
{
	archiveVersion = 1;
	classes = {
	};
	objectVersion = 56;
	objects = {

/* Begin PBXBuildFile section */
		744299262C9C9BB700863317 /* ArtistRow.swift in Sources */ = {isa = PBXBuildFile; fileRef = 744299252C9C9BB700863317 /* ArtistRow.swift */; };
		744299292C9C9CA900863317 /* EpisodeView.swift in Sources */ = {isa = PBXBuildFile; fileRef = 744299282C9C9CA900863317 /* EpisodeView.swift */; };
		745A401A2C9F3C4C00D32405 /* DownloadsView.swift in Sources */ = {isa = PBXBuildFile; fileRef = 745A40192C9F3C4C00D32405 /* DownloadsView.swift */; };
		7473C07E2C9DEBDA006DB7CD /* NewEpisodes.swift in Sources */ = {isa = PBXBuildFile; fileRef = 7473C07D2C9DEBDA006DB7CD /* NewEpisodes.swift */; };
		7473C0802C9DEE49006DB7CD /* EpisodeRow.swift in Sources */ = {isa = PBXBuildFile; fileRef = 7473C07F2C9DEE49006DB7CD /* EpisodeRow.swift */; };
		74887F222C78D24300C89870 /* Spotify_CloneApp.swift in Sources */ = {isa = PBXBuildFile; fileRef = 74887F212C78D24300C89870 /* Spotify_CloneApp.swift */; };
		74887F242C78D24300C89870 /* ContentView.swift in Sources */ = {isa = PBXBuildFile; fileRef = 74887F232C78D24300C89870 /* ContentView.swift */; };
		74887F262C78D24C00C89870 /* Assets.xcassets in Resources */ = {isa = PBXBuildFile; fileRef = 74887F252C78D24C00C89870 /* Assets.xcassets */; };
		74887F2A2C78D24C00C89870 /* Preview Assets.xcassets in Resources */ = {isa = PBXBuildFile; fileRef = 74887F292C78D24C00C89870 /* Preview Assets.xcassets */; };
		7498417B2C94D710000169E2 /* HomeView.swift in Sources */ = {isa = PBXBuildFile; fileRef = 7498417A2C94D710000169E2 /* HomeView.swift */; };
		7498417E2C94D942000169E2 /* IslesData.swift in Sources */ = {isa = PBXBuildFile; fileRef = 7498417D2C94D942000169E2 /* IslesData.swift */; };
		749841802C94DA19000169E2 /* Isles.json in Resources */ = {isa = PBXBuildFile; fileRef = 7498417F2C94DA19000169E2 /* Isles.json */; };
		74AA84C62C9B4A5600509CFC /* AlbumsView.swift in Sources */ = {isa = PBXBuildFile; fileRef = 74AA84C52C9B4A5600509CFC /* AlbumsView.swift */; };
		74AA84C92C9B4BD500509CFC /* ArtistsView.swift in Sources */ = {isa = PBXBuildFile; fileRef = 74AA84C82C9B4BD500509CFC /* ArtistsView.swift */; };
		74C2DB7B2C99F5F300E8A74C /* PlaylistRow.swift in Sources */ = {isa = PBXBuildFile; fileRef = 74C2DB7A2C99F5F300E8A74C /* PlaylistRow.swift */; };
		74C2DB7D2C99F77500E8A74C /* PlaylistsView.swift in Sources */ = {isa = PBXBuildFile; fileRef = 74C2DB7C2C99F77500E8A74C /* PlaylistsView.swift */; };
		74C2DB802C99F9FB00E8A74C /* AlbumRow.swift in Sources */ = {isa = PBXBuildFile; fileRef = 74C2DB7F2C99F9FB00E8A74C /* AlbumRow.swift */; };
		74D007382C973C81009E21C1 /* GenreView.swift in Sources */ = {isa = PBXBuildFile; fileRef = 74D007372C973C81009E21C1 /* GenreView.swift */; };
		74D0073B2C973CED009E21C1 /* PlayListData.swift in Sources */ = {isa = PBXBuildFile; fileRef = 74D0073A2C973CED009E21C1 /* PlayListData.swift */; };
		74D0073D2C973D90009E21C1 /* PlayListData.json in Resources */ = {isa = PBXBuildFile; fileRef = 74D0073C2C973D90009E21C1 /* PlayListData.json */; };
		74D0073F2C973FA9009E21C1 /* SearchView.swift in Sources */ = {isa = PBXBuildFile; fileRef = 74D0073E2C973FA9009E21C1 /* SearchView.swift */; };
		74D007422C977BB7009E21C1 /* LibraryView.swift in Sources */ = {isa = PBXBuildFile; fileRef = 74D007412C977BB7009E21C1 /* LibraryView.swift */; };
		74FEC9A42C7E7A8700574D57 /* NewItems.swift in Sources */ = {isa = PBXBuildFile; fileRef = 74FEC9A32C7E7A8700574D57 /* NewItems.swift */; };
		74FEC9A82C7E7B6E00574D57 /* AlbumData.swift in Sources */ = {isa = PBXBuildFile; fileRef = 74FEC9A72C7E7B6E00574D57 /* AlbumData.swift */; };
		74FEC9AC2C7E7DB800574D57 /* AlbumData.json in Resources */ = {isa = PBXBuildFile; fileRef = 74FEC9AB2C7E7DB800574D57 /* AlbumData.json */; };
		74FEC9AE2C7E822F00574D57 /* Parser.swift in Sources */ = {isa = PBXBuildFile; fileRef = 74FEC9AD2C7E822F00574D57 /* Parser.swift */; };
		74FEC9B02C7E8D8B00574D57 /* AlbumList.swift in Sources */ = {isa = PBXBuildFile; fileRef = 74FEC9AF2C7E8D8B00574D57 /* AlbumList.swift */; };
		74FEC9B22C7E901200574D57 /* PodCastList.swift in Sources */ = {isa = PBXBuildFile; fileRef = 74FEC9B12C7E901200574D57 /* PodCastList.swift */; };
		74FEC9B52C7E905400574D57 /* PodCastData.swift in Sources */ = {isa = PBXBuildFile; fileRef = 74FEC9B42C7E905400574D57 /* PodCastData.swift */; };
		74FEC9B72C7E910200574D57 /* PodcastData.json in Resources */ = {isa = PBXBuildFile; fileRef = 74FEC9B62C7E910200574D57 /* PodcastData.json */; };
/* End PBXBuildFile section */

/* Begin PBXFileReference section */
		744299252C9C9BB700863317 /* ArtistRow.swift */ = {isa = PBXFileReference; lastKnownFileType = sourcecode.swift; path = ArtistRow.swift; sourceTree = "<group>"; };
		744299282C9C9CA900863317 /* EpisodeView.swift */ = {isa = PBXFileReference; lastKnownFileType = sourcecode.swift; path = EpisodeView.swift; sourceTree = "<group>"; };
		745A40192C9F3C4C00D32405 /* DownloadsView.swift */ = {isa = PBXFileReference; lastKnownFileType = sourcecode.swift; path = DownloadsView.swift; sourceTree = "<group>"; };
		7473C07D2C9DEBDA006DB7CD /* NewEpisodes.swift */ = {isa = PBXFileReference; lastKnownFileType = sourcecode.swift; path = NewEpisodes.swift; sourceTree = "<group>"; };
		7473C07F2C9DEE49006DB7CD /* EpisodeRow.swift */ = {isa = PBXFileReference; lastKnownFileType = sourcecode.swift; path = EpisodeRow.swift; sourceTree = "<group>"; };
		74887F1E2C78D24200C89870 /* Spotify_Clone.app */ = {isa = PBXFileReference; explicitFileType = wrapper.application; includeInIndex = 0; path = Spotify_Clone.app; sourceTree = BUILT_PRODUCTS_DIR; };
		74887F212C78D24300C89870 /* Spotify_CloneApp.swift */ = {isa = PBXFileReference; lastKnownFileType = sourcecode.swift; path = Spotify_CloneApp.swift; sourceTree = "<group>"; };
		74887F232C78D24300C89870 /* ContentView.swift */ = {isa = PBXFileReference; lastKnownFileType = sourcecode.swift; path = ContentView.swift; sourceTree = "<group>"; };
		74887F252C78D24C00C89870 /* Assets.xcassets */ = {isa = PBXFileReference; lastKnownFileType = folder.assetcatalog; path = Assets.xcassets; sourceTree = "<group>"; };
		74887F272C78D24C00C89870 /* Spotify_Clone.entitlements */ = {isa = PBXFileReference; lastKnownFileType = text.plist.entitlements; path = Spotify_Clone.entitlements; sourceTree = "<group>"; };
		74887F292C78D24C00C89870 /* Preview Assets.xcassets */ = {isa = PBXFileReference; lastKnownFileType = folder.assetcatalog; path = "Preview Assets.xcassets"; sourceTree = "<group>"; };
		7498417A2C94D710000169E2 /* HomeView.swift */ = {isa = PBXFileReference; lastKnownFileType = sourcecode.swift; path = HomeView.swift; sourceTree = "<group>"; };
		7498417D2C94D942000169E2 /* IslesData.swift */ = {isa = PBXFileReference; lastKnownFileType = sourcecode.swift; path = IslesData.swift; sourceTree = "<group>"; };
		7498417F2C94DA19000169E2 /* Isles.json */ = {isa = PBXFileReference; lastKnownFileType = text.json; path = Isles.json; sourceTree = "<group>"; };
		74AA84C52C9B4A5600509CFC /* AlbumsView.swift */ = {isa = PBXFileReference; lastKnownFileType = sourcecode.swift; path = AlbumsView.swift; sourceTree = "<group>"; };
		74AA84C82C9B4BD500509CFC /* ArtistsView.swift */ = {isa = PBXFileReference; lastKnownFileType = sourcecode.swift; path = ArtistsView.swift; sourceTree = "<group>"; };
		74C2DB7A2C99F5F300E8A74C /* PlaylistRow.swift */ = {isa = PBXFileReference; lastKnownFileType = sourcecode.swift; path = PlaylistRow.swift; sourceTree = "<group>"; };
		74C2DB7C2C99F77500E8A74C /* PlaylistsView.swift */ = {isa = PBXFileReference; lastKnownFileType = sourcecode.swift; path = PlaylistsView.swift; sourceTree = "<group>"; };
		74C2DB7F2C99F9FB00E8A74C /* AlbumRow.swift */ = {isa = PBXFileReference; lastKnownFileType = sourcecode.swift; path = AlbumRow.swift; sourceTree = "<group>"; };
		74D007372C973C81009E21C1 /* GenreView.swift */ = {isa = PBXFileReference; lastKnownFileType = sourcecode.swift; path = GenreView.swift; sourceTree = "<group>"; };
		74D0073A2C973CED009E21C1 /* PlayListData.swift */ = {isa = PBXFileReference; lastKnownFileType = sourcecode.swift; path = PlayListData.swift; sourceTree = "<group>"; };
		74D0073C2C973D90009E21C1 /* PlayListData.json */ = {isa = PBXFileReference; lastKnownFileType = text.json; path = PlayListData.json; sourceTree = "<group>"; };
		74D0073E2C973FA9009E21C1 /* SearchView.swift */ = {isa = PBXFileReference; lastKnownFileType = sourcecode.swift; path = SearchView.swift; sourceTree = "<group>"; };
		74D007412C977BB7009E21C1 /* LibraryView.swift */ = {isa = PBXFileReference; lastKnownFileType = sourcecode.swift; path = LibraryView.swift; sourceTree = "<group>"; };
		74FEC9A32C7E7A8700574D57 /* NewItems.swift */ = {isa = PBXFileReference; lastKnownFileType = sourcecode.swift; path = NewItems.swift; sourceTree = "<group>"; };
		74FEC9A72C7E7B6E00574D57 /* AlbumData.swift */ = {isa = PBXFileReference; lastKnownFileType = sourcecode.swift; path = AlbumData.swift; sourceTree = "<group>"; };
		74FEC9AB2C7E7DB800574D57 /* AlbumData.json */ = {isa = PBXFileReference; fileEncoding = 4; lastKnownFileType = text.json; name = AlbumData.json; path = "../../../../sptfy/Spotify/Data Parsing/Album Parsing/AlbumData.json"; sourceTree = "<group>"; };
		74FEC9AD2C7E822F00574D57 /* Parser.swift */ = {isa = PBXFileReference; lastKnownFileType = sourcecode.swift; path = Parser.swift; sourceTree = "<group>"; };
		74FEC9AF2C7E8D8B00574D57 /* AlbumList.swift */ = {isa = PBXFileReference; lastKnownFileType = sourcecode.swift; path = AlbumList.swift; sourceTree = "<group>"; };
		74FEC9B12C7E901200574D57 /* PodCastList.swift */ = {isa = PBXFileReference; lastKnownFileType = sourcecode.swift; path = PodCastList.swift; sourceTree = "<group>"; };
		74FEC9B42C7E905400574D57 /* PodCastData.swift */ = {isa = PBXFileReference; lastKnownFileType = sourcecode.swift; path = PodCastData.swift; sourceTree = "<group>"; };
		74FEC9B62C7E910200574D57 /* PodcastData.json */ = {isa = PBXFileReference; fileEncoding = 4; lastKnownFileType = text.json; name = PodcastData.json; path = "../../../../sptfy/Spotify/Data Parsing/Podcast Parsing/PodcastData.json"; sourceTree = "<group>"; };
/* End PBXFileReference section */

/* Begin PBXFrameworksBuildPhase section */
		74887F1B2C78D24200C89870 /* Frameworks */ = {
			isa = PBXFrameworksBuildPhase;
			buildActionMask = 2147483647;
			files = (
			);
			runOnlyForDeploymentPostprocessing = 0;
		};
/* End PBXFrameworksBuildPhase section */

/* Begin PBXGroup section */
		744299272C9C9C8B00863317 /* Episodes */ = {
			isa = PBXGroup;
			children = (
				744299282C9C9CA900863317 /* EpisodeView.swift */,
				7473C07D2C9DEBDA006DB7CD /* NewEpisodes.swift */,
				7473C07F2C9DEE49006DB7CD /* EpisodeRow.swift */,
			);
			path = Episodes;
			sourceTree = "<group>";
		};
		745A40182C9F3C3400D32405 /* Downloads */ = {
			isa = PBXGroup;
			children = (
				745A40192C9F3C4C00D32405 /* DownloadsView.swift */,
			);
			path = Downloads;
			sourceTree = "<group>";
		};
		74887F152C78D24200C89870 = {
			isa = PBXGroup;
			children = (
				74887F202C78D24200C89870 /* Spotify_Clone */,
				74887F1F2C78D24200C89870 /* Products */,
			);
			sourceTree = "<group>";
		};
		74887F1F2C78D24200C89870 /* Products */ = {
			isa = PBXGroup;
			children = (
				74887F1E2C78D24200C89870 /* Spotify_Clone.app */,
			);
			name = Products;
			sourceTree = "<group>";
		};
		74887F202C78D24200C89870 /* Spotify_Clone */ = {
			isa = PBXGroup;
			children = (
				74D007402C977B99009E21C1 /* Library */,
				74887F212C78D24300C89870 /* Spotify_CloneApp.swift */,
				74887F232C78D24300C89870 /* ContentView.swift */,
				74D007362C973C49009E21C1 /* Search */,
				74FEC9A52C7E7B0B00574D57 /* DataParsing */,
				74FEC9A22C7E7A6E00574D57 /* Home */,
				74887F252C78D24C00C89870 /* Assets.xcassets */,
				74887F272C78D24C00C89870 /* Spotify_Clone.entitlements */,
				74887F282C78D24C00C89870 /* Preview Content */,
			);
			path = Spotify_Clone;
			sourceTree = "<group>";
		};
		74887F282C78D24C00C89870 /* Preview Content */ = {
			isa = PBXGroup;
			children = (
				74887F292C78D24C00C89870 /* Preview Assets.xcassets */,
			);
			path = "Preview Content";
			sourceTree = "<group>";
		};
		7498417C2C94D8BC000169E2 /* AlbumDetails */ = {
			isa = PBXGroup;
			children = (
				7498417D2C94D942000169E2 /* IslesData.swift */,
				7498417F2C94DA19000169E2 /* Isles.json */,
			);
			path = AlbumDetails;
			sourceTree = "<group>";
		};
		74AA84C72C9B4BBD00509CFC /* Artists */ = {
			isa = PBXGroup;
			children = (
				74AA84C82C9B4BD500509CFC /* ArtistsView.swift */,
				744299252C9C9BB700863317 /* ArtistRow.swift */,
			);
			path = Artists;
			sourceTree = "<group>";
		};
		74C2DB792C99F5AB00E8A74C /* Playlists */ = {
			isa = PBXGroup;
			children = (
				74C2DB7A2C99F5F300E8A74C /* PlaylistRow.swift */,
				74C2DB7C2C99F77500E8A74C /* PlaylistsView.swift */,
			);
			path = Playlists;
			sourceTree = "<group>";
		};
		74C2DB7E2C99F9D600E8A74C /* Albums */ = {
			isa = PBXGroup;
			children = (
				74C2DB7F2C99F9FB00E8A74C /* AlbumRow.swift */,
				74AA84C52C9B4A5600509CFC /* AlbumsView.swift */,
			);
			path = Albums;
			sourceTree = "<group>";
		};
		74D007362C973C49009E21C1 /* Search */ = {
			isa = PBXGroup;
			children = (
				74D007372C973C81009E21C1 /* GenreView.swift */,
				74D0073E2C973FA9009E21C1 /* SearchView.swift */,
			);
			path = Search;
			sourceTree = "<group>";
		};
		74D007392C973CC1009E21C1 /* PlayListParsing */ = {
			isa = PBXGroup;
			children = (
				74D0073A2C973CED009E21C1 /* PlayListData.swift */,
				74D0073C2C973D90009E21C1 /* PlayListData.json */,
			);
			path = PlayListParsing;
			sourceTree = "<group>";
		};
		74D007402C977B99009E21C1 /* Library */ = {
			isa = PBXGroup;
			children = (
				745A40182C9F3C3400D32405 /* Downloads */,
				744299272C9C9C8B00863317 /* Episodes */,
				74AA84C72C9B4BBD00509CFC /* Artists */,
				74C2DB7E2C99F9D600E8A74C /* Albums */,
				74C2DB792C99F5AB00E8A74C /* Playlists */,
				74D007412C977BB7009E21C1 /* LibraryView.swift */,
			);
			path = Library;
			sourceTree = "<group>";
		};
		74FEC9A22C7E7A6E00574D57 /* Home */ = {
			isa = PBXGroup;
			children = (
				74FEC9A32C7E7A8700574D57 /* NewItems.swift */,
				74FEC9AF2C7E8D8B00574D57 /* AlbumList.swift */,
				74FEC9B12C7E901200574D57 /* PodCastList.swift */,
				7498417A2C94D710000169E2 /* HomeView.swift */,
			);
			path = Home;
			sourceTree = "<group>";
		};
		74FEC9A52C7E7B0B00574D57 /* DataParsing */ = {
			isa = PBXGroup;
			children = (
				74D007392C973CC1009E21C1 /* PlayListParsing */,
				7498417C2C94D8BC000169E2 /* AlbumDetails */,
				74FEC9B32C7E903300574D57 /* PodCastParsing */,
				74FEC9A62C7E7B4800574D57 /* AlbumParsing */,
				74FEC9AD2C7E822F00574D57 /* Parser.swift */,
			);
			path = DataParsing;
			sourceTree = "<group>";
		};
		74FEC9A62C7E7B4800574D57 /* AlbumParsing */ = {
			isa = PBXGroup;
			children = (
				74FEC9AB2C7E7DB800574D57 /* AlbumData.json */,
				74FEC9A72C7E7B6E00574D57 /* AlbumData.swift */,
			);
			path = AlbumParsing;
			sourceTree = "<group>";
		};
		74FEC9B32C7E903300574D57 /* PodCastParsing */ = {
			isa = PBXGroup;
			children = (
				74FEC9B62C7E910200574D57 /* PodcastData.json */,
				74FEC9B42C7E905400574D57 /* PodCastData.swift */,
			);
			path = PodCastParsing;
			sourceTree = "<group>";
		};
/* End PBXGroup section */

/* Begin PBXNativeTarget section */
		74887F1D2C78D24200C89870 /* Spotify_Clone */ = {
			isa = PBXNativeTarget;
			buildConfigurationList = 74887F2D2C78D24C00C89870 /* Build configuration list for PBXNativeTarget "Spotify_Clone" */;
			buildPhases = (
				74887F1A2C78D24200C89870 /* Sources */,
				74887F1B2C78D24200C89870 /* Frameworks */,
				74887F1C2C78D24200C89870 /* Resources */,
			);
			buildRules = (
			);
			dependencies = (
			);
			name = Spotify_Clone;
			productName = Spotify_Clone;
			productReference = 74887F1E2C78D24200C89870 /* Spotify_Clone.app */;
			productType = "com.apple.product-type.application";
		};
/* End PBXNativeTarget section */

/* Begin PBXProject section */
		74887F162C78D24200C89870 /* Project object */ = {
			isa = PBXProject;
			attributes = {
				BuildIndependentTargetsInParallel = 1;
				LastSwiftUpdateCheck = 1500;
				LastUpgradeCheck = 1500;
				TargetAttributes = {
					74887F1D2C78D24200C89870 = {
						CreatedOnToolsVersion = 15.0.1;
					};
				};
			};
			buildConfigurationList = 74887F192C78D24200C89870 /* Build configuration list for PBXProject "Spotify_Clone" */;
			compatibilityVersion = "Xcode 14.0";
			developmentRegion = en;
			hasScannedForEncodings = 0;
			knownRegions = (
				en,
				Base,
			);
			mainGroup = 74887F152C78D24200C89870;
			productRefGroup = 74887F1F2C78D24200C89870 /* Products */;
			projectDirPath = "";
			projectRoot = "";
			targets = (
				74887F1D2C78D24200C89870 /* Spotify_Clone */,
			);
		};
/* End PBXProject section */

/* Begin PBXResourcesBuildPhase section */
		74887F1C2C78D24200C89870 /* Resources */ = {
			isa = PBXResourcesBuildPhase;
			buildActionMask = 2147483647;
			files = (
				74FEC9B72C7E910200574D57 /* PodcastData.json in Resources */,
				749841802C94DA19000169E2 /* Isles.json in Resources */,
				74887F2A2C78D24C00C89870 /* Preview Assets.xcassets in Resources */,
				74FEC9AC2C7E7DB800574D57 /* AlbumData.json in Resources */,
				74887F262C78D24C00C89870 /* Assets.xcassets in Resources */,
				74D0073D2C973D90009E21C1 /* PlayListData.json in Resources */,
			);
			runOnlyForDeploymentPostprocessing = 0;
		};
/* End PBXResourcesBuildPhase section */

/* Begin PBXSourcesBuildPhase section */
		74887F1A2C78D24200C89870 /* Sources */ = {
			isa = PBXSourcesBuildPhase;
			buildActionMask = 2147483647;
			files = (
				74D007422C977BB7009E21C1 /* LibraryView.swift in Sources */,
				7498417B2C94D710000169E2 /* HomeView.swift in Sources */,
				74AA84C62C9B4A5600509CFC /* AlbumsView.swift in Sources */,
				74C2DB7B2C99F5F300E8A74C /* PlaylistRow.swift in Sources */,
				745A401A2C9F3C4C00D32405 /* DownloadsView.swift in Sources */,
				74FEC9B22C7E901200574D57 /* PodCastList.swift in Sources */,
				74887F242C78D24300C89870 /* ContentView.swift in Sources */,
				74FEC9A82C7E7B6E00574D57 /* AlbumData.swift in Sources */,
				74FEC9AE2C7E822F00574D57 /* Parser.swift in Sources */,
				74D0073B2C973CED009E21C1 /* PlayListData.swift in Sources */,
				74FEC9B52C7E905400574D57 /* PodCastData.swift in Sources */,
				7498417E2C94D942000169E2 /* IslesData.swift in Sources */,
				74D0073F2C973FA9009E21C1 /* SearchView.swift in Sources */,
				7473C07E2C9DEBDA006DB7CD /* NewEpisodes.swift in Sources */,
				74FEC9B02C7E8D8B00574D57 /* AlbumList.swift in Sources */,
				74AA84C92C9B4BD500509CFC /* ArtistsView.swift in Sources */,
				7473C0802C9DEE49006DB7CD /* EpisodeRow.swift in Sources */,
				74887F222C78D24300C89870 /* Spotify_CloneApp.swift in Sources */,
				74C2DB802C99F9FB00E8A74C /* AlbumRow.swift in Sources */,
				74FEC9A42C7E7A8700574D57 /* NewItems.swift in Sources */,
				744299262C9C9BB700863317 /* ArtistRow.swift in Sources */,
				74C2DB7D2C99F77500E8A74C /* PlaylistsView.swift in Sources */,
				744299292C9C9CA900863317 /* EpisodeView.swift in Sources */,
				74D007382C973C81009E21C1 /* GenreView.swift in Sources */,
			);
			runOnlyForDeploymentPostprocessing = 0;
		};
/* End PBXSourcesBuildPhase section */

/* Begin XCBuildConfiguration section */
		74887F2B2C78D24C00C89870 /* Debug */ = {
			isa = XCBuildConfiguration;
			buildSettings = {
				ALWAYS_SEARCH_USER_PATHS = NO;
				ASSETCATALOG_COMPILER_GENERATE_SWIFT_ASSET_SYMBOL_EXTENSIONS = YES;
				CLANG_ANALYZER_NONNULL = YES;
				CLANG_ANALYZER_NUMBER_OBJECT_CONVERSION = YES_AGGRESSIVE;
				CLANG_CXX_LANGUAGE_STANDARD = "gnu++20";
				CLANG_ENABLE_MODULES = YES;
				CLANG_ENABLE_OBJC_ARC = YES;
				CLANG_ENABLE_OBJC_WEAK = YES;
				CLANG_WARN_BLOCK_CAPTURE_AUTORELEASING = YES;
				CLANG_WARN_BOOL_CONVERSION = YES;
				CLANG_WARN_COMMA = YES;
				CLANG_WARN_CONSTANT_CONVERSION = YES;
				CLANG_WARN_DEPRECATED_OBJC_IMPLEMENTATIONS = YES;
				CLANG_WARN_DIRECT_OBJC_ISA_USAGE = YES_ERROR;
				CLANG_WARN_DOCUMENTATION_COMMENTS = YES;
				CLANG_WARN_EMPTY_BODY = YES;
				CLANG_WARN_ENUM_CONVERSION = YES;
				CLANG_WARN_INFINITE_RECURSION = YES;
				CLANG_WARN_INT_CONVERSION = YES;
				CLANG_WARN_NON_LITERAL_NULL_CONVERSION = YES;
				CLANG_WARN_OBJC_IMPLICIT_RETAIN_SELF = YES;
				CLANG_WARN_OBJC_LITERAL_CONVERSION = YES;
				CLANG_WARN_OBJC_ROOT_CLASS = YES_ERROR;
				CLANG_WARN_QUOTED_INCLUDE_IN_FRAMEWORK_HEADER = YES;
				CLANG_WARN_RANGE_LOOP_ANALYSIS = YES;
				CLANG_WARN_STRICT_PROTOTYPES = YES;
				CLANG_WARN_SUSPICIOUS_MOVE = YES;
				CLANG_WARN_UNGUARDED_AVAILABILITY = YES_AGGRESSIVE;
				CLANG_WARN_UNREACHABLE_CODE = YES;
				CLANG_WARN__DUPLICATE_METHOD_MATCH = YES;
				COPY_PHASE_STRIP = NO;
				DEBUG_INFORMATION_FORMAT = dwarf;
				ENABLE_STRICT_OBJC_MSGSEND = YES;
				ENABLE_TESTABILITY = YES;
				ENABLE_USER_SCRIPT_SANDBOXING = YES;
				GCC_C_LANGUAGE_STANDARD = gnu17;
				GCC_DYNAMIC_NO_PIC = NO;
				GCC_NO_COMMON_BLOCKS = YES;
				GCC_OPTIMIZATION_LEVEL = 0;
				GCC_PREPROCESSOR_DEFINITIONS = (
					"DEBUG=1",
					"$(inherited)",
				);
				GCC_WARN_64_TO_32_BIT_CONVERSION = YES;
				GCC_WARN_ABOUT_RETURN_TYPE = YES_ERROR;
				GCC_WARN_UNDECLARED_SELECTOR = YES;
				GCC_WARN_UNINITIALIZED_AUTOS = YES_AGGRESSIVE;
				GCC_WARN_UNUSED_FUNCTION = YES;
				GCC_WARN_UNUSED_VARIABLE = YES;
				LOCALIZATION_PREFERS_STRING_CATALOGS = YES;
				MTL_ENABLE_DEBUG_INFO = INCLUDE_SOURCE;
				MTL_FAST_MATH = YES;
				ONLY_ACTIVE_ARCH = YES;
				SWIFT_ACTIVE_COMPILATION_CONDITIONS = "DEBUG $(inherited)";
				SWIFT_OPTIMIZATION_LEVEL = "-Onone";
			};
			name = Debug;
		};
		74887F2C2C78D24C00C89870 /* Release */ = {
			isa = XCBuildConfiguration;
			buildSettings = {
				ALWAYS_SEARCH_USER_PATHS = NO;
				ASSETCATALOG_COMPILER_GENERATE_SWIFT_ASSET_SYMBOL_EXTENSIONS = YES;
				CLANG_ANALYZER_NONNULL = YES;
				CLANG_ANALYZER_NUMBER_OBJECT_CONVERSION = YES_AGGRESSIVE;
				CLANG_CXX_LANGUAGE_STANDARD = "gnu++20";
				CLANG_ENABLE_MODULES = YES;
				CLANG_ENABLE_OBJC_ARC = YES;
				CLANG_ENABLE_OBJC_WEAK = YES;
				CLANG_WARN_BLOCK_CAPTURE_AUTORELEASING = YES;
				CLANG_WARN_BOOL_CONVERSION = YES;
				CLANG_WARN_COMMA = YES;
				CLANG_WARN_CONSTANT_CONVERSION = YES;
				CLANG_WARN_DEPRECATED_OBJC_IMPLEMENTATIONS = YES;
				CLANG_WARN_DIRECT_OBJC_ISA_USAGE = YES_ERROR;
				CLANG_WARN_DOCUMENTATION_COMMENTS = YES;
				CLANG_WARN_EMPTY_BODY = YES;
				CLANG_WARN_ENUM_CONVERSION = YES;
				CLANG_WARN_INFINITE_RECURSION = YES;
				CLANG_WARN_INT_CONVERSION = YES;
				CLANG_WARN_NON_LITERAL_NULL_CONVERSION = YES;
				CLANG_WARN_OBJC_IMPLICIT_RETAIN_SELF = YES;
				CLANG_WARN_OBJC_LITERAL_CONVERSION = YES;
				CLANG_WARN_OBJC_ROOT_CLASS = YES_ERROR;
				CLANG_WARN_QUOTED_INCLUDE_IN_FRAMEWORK_HEADER = YES;
				CLANG_WARN_RANGE_LOOP_ANALYSIS = YES;
				CLANG_WARN_STRICT_PROTOTYPES = YES;
				CLANG_WARN_SUSPICIOUS_MOVE = YES;
				CLANG_WARN_UNGUARDED_AVAILABILITY = YES_AGGRESSIVE;
				CLANG_WARN_UNREACHABLE_CODE = YES;
				CLANG_WARN__DUPLICATE_METHOD_MATCH = YES;
				COPY_PHASE_STRIP = NO;
				DEBUG_INFORMATION_FORMAT = "dwarf-with-dsym";
				ENABLE_NS_ASSERTIONS = NO;
				ENABLE_STRICT_OBJC_MSGSEND = YES;
				ENABLE_USER_SCRIPT_SANDBOXING = YES;
				GCC_C_LANGUAGE_STANDARD = gnu17;
				GCC_NO_COMMON_BLOCKS = YES;
				GCC_WARN_64_TO_32_BIT_CONVERSION = YES;
				GCC_WARN_ABOUT_RETURN_TYPE = YES_ERROR;
				GCC_WARN_UNDECLARED_SELECTOR = YES;
				GCC_WARN_UNINITIALIZED_AUTOS = YES_AGGRESSIVE;
				GCC_WARN_UNUSED_FUNCTION = YES;
				GCC_WARN_UNUSED_VARIABLE = YES;
				LOCALIZATION_PREFERS_STRING_CATALOGS = YES;
				MTL_ENABLE_DEBUG_INFO = NO;
				MTL_FAST_MATH = YES;
				SWIFT_COMPILATION_MODE = wholemodule;
			};
			name = Release;
		};
		74887F2E2C78D24C00C89870 /* Debug */ = {
			isa = XCBuildConfiguration;
			buildSettings = {
				ASSETCATALOG_COMPILER_APPICON_NAME = AppIcon;
				ASSETCATALOG_COMPILER_GLOBAL_ACCENT_COLOR_NAME = AccentColor;
				CODE_SIGN_ENTITLEMENTS = Spotify_Clone/Spotify_Clone.entitlements;
				CODE_SIGN_STYLE = Automatic;
				CURRENT_PROJECT_VERSION = 1;
				DEVELOPMENT_ASSET_PATHS = "\"Spotify_Clone/Preview Content\"";
				ENABLE_PREVIEWS = YES;
				GENERATE_INFOPLIST_FILE = YES;
				"INFOPLIST_KEY_UIApplicationSceneManifest_Generation[sdk=iphoneos*]" = YES;
				"INFOPLIST_KEY_UIApplicationSceneManifest_Generation[sdk=iphonesimulator*]" = YES;
				"INFOPLIST_KEY_UIApplicationSupportsIndirectInputEvents[sdk=iphoneos*]" = YES;
				"INFOPLIST_KEY_UIApplicationSupportsIndirectInputEvents[sdk=iphonesimulator*]" = YES;
				"INFOPLIST_KEY_UILaunchScreen_Generation[sdk=iphoneos*]" = YES;
				"INFOPLIST_KEY_UILaunchScreen_Generation[sdk=iphonesimulator*]" = YES;
				"INFOPLIST_KEY_UIStatusBarStyle[sdk=iphoneos*]" = UIStatusBarStyleDefault;
				"INFOPLIST_KEY_UIStatusBarStyle[sdk=iphonesimulator*]" = UIStatusBarStyleDefault;
				INFOPLIST_KEY_UISupportedInterfaceOrientations_iPad = "UIInterfaceOrientationPortrait UIInterfaceOrientationPortraitUpsideDown UIInterfaceOrientationLandscapeLeft UIInterfaceOrientationLandscapeRight";
				INFOPLIST_KEY_UISupportedInterfaceOrientations_iPhone = "UIInterfaceOrientationPortrait UIInterfaceOrientationLandscapeLeft UIInterfaceOrientationLandscapeRight";
				IPHONEOS_DEPLOYMENT_TARGET = 17.0;
				LD_RUNPATH_SEARCH_PATHS = "@executable_path/Frameworks";
				"LD_RUNPATH_SEARCH_PATHS[sdk=macosx*]" = "@executable_path/../Frameworks";
				MACOSX_DEPLOYMENT_TARGET = 14.0;
				MARKETING_VERSION = 1.0;
				PRODUCT_BUNDLE_IDENTIFIER = "SwiftfulThinking.Spotify-Clone";
				PRODUCT_NAME = "$(TARGET_NAME)";
				SDKROOT = auto;
				SUPPORTED_PLATFORMS = "iphoneos iphonesimulator macosx";
				SWIFT_EMIT_LOC_STRINGS = YES;
				SWIFT_VERSION = 5.0;
				TARGETED_DEVICE_FAMILY = "1,2";
			};
			name = Debug;
		};
		74887F2F2C78D24C00C89870 /* Release */ = {
			isa = XCBuildConfiguration;
			buildSettings = {
				ASSETCATALOG_COMPILER_APPICON_NAME = AppIcon;
				ASSETCATALOG_COMPILER_GLOBAL_ACCENT_COLOR_NAME = AccentColor;
				CODE_SIGN_ENTITLEMENTS = Spotify_Clone/Spotify_Clone.entitlements;
				CODE_SIGN_STYLE = Automatic;
				CURRENT_PROJECT_VERSION = 1;
				DEVELOPMENT_ASSET_PATHS = "\"Spotify_Clone/Preview Content\"";
				ENABLE_PREVIEWS = YES;
				GENERATE_INFOPLIST_FILE = YES;
				"INFOPLIST_KEY_UIApplicationSceneManifest_Generation[sdk=iphoneos*]" = YES;
				"INFOPLIST_KEY_UIApplicationSceneManifest_Generation[sdk=iphonesimulator*]" = YES;
				"INFOPLIST_KEY_UIApplicationSupportsIndirectInputEvents[sdk=iphoneos*]" = YES;
				"INFOPLIST_KEY_UIApplicationSupportsIndirectInputEvents[sdk=iphonesimulator*]" = YES;
				"INFOPLIST_KEY_UILaunchScreen_Generation[sdk=iphoneos*]" = YES;
				"INFOPLIST_KEY_UILaunchScreen_Generation[sdk=iphonesimulator*]" = YES;
				"INFOPLIST_KEY_UIStatusBarStyle[sdk=iphoneos*]" = UIStatusBarStyleDefault;
				"INFOPLIST_KEY_UIStatusBarStyle[sdk=iphonesimulator*]" = UIStatusBarStyleDefault;
				INFOPLIST_KEY_UISupportedInterfaceOrientations_iPad = "UIInterfaceOrientationPortrait UIInterfaceOrientationPortraitUpsideDown UIInterfaceOrientationLandscapeLeft UIInterfaceOrientationLandscapeRight";
				INFOPLIST_KEY_UISupportedInterfaceOrientations_iPhone = "UIInterfaceOrientationPortrait UIInterfaceOrientationLandscapeLeft UIInterfaceOrientationLandscapeRight";
				IPHONEOS_DEPLOYMENT_TARGET = 17.0;
				LD_RUNPATH_SEARCH_PATHS = "@executable_path/Frameworks";
				"LD_RUNPATH_SEARCH_PATHS[sdk=macosx*]" = "@executable_path/../Frameworks";
				MACOSX_DEPLOYMENT_TARGET = 14.0;
				MARKETING_VERSION = 1.0;
				PRODUCT_BUNDLE_IDENTIFIER = "SwiftfulThinking.Spotify-Clone";
				PRODUCT_NAME = "$(TARGET_NAME)";
				SDKROOT = auto;
				SUPPORTED_PLATFORMS = "iphoneos iphonesimulator macosx";
				SWIFT_EMIT_LOC_STRINGS = YES;
				SWIFT_VERSION = 5.0;
				TARGETED_DEVICE_FAMILY = "1,2";
			};
			name = Release;
		};
/* End XCBuildConfiguration section */

/* Begin XCConfigurationList section */
		74887F192C78D24200C89870 /* Build configuration list for PBXProject "Spotify_Clone" */ = {
			isa = XCConfigurationList;
			buildConfigurations = (
				74887F2B2C78D24C00C89870 /* Debug */,
				74887F2C2C78D24C00C89870 /* Release */,
			);
			defaultConfigurationIsVisible = 0;
			defaultConfigurationName = Release;
		};
		74887F2D2C78D24C00C89870 /* Build configuration list for PBXNativeTarget "Spotify_Clone" */ = {
			isa = XCConfigurationList;
			buildConfigurations = (
				74887F2E2C78D24C00C89870 /* Debug */,
				74887F2F2C78D24C00C89870 /* Release */,
			);
			defaultConfigurationIsVisible = 0;
			defaultConfigurationName = Release;
		};
/* End XCConfigurationList section */
	};
	rootObject = 74887F162C78D24200C89870 /* Project object */;
}
